{
  "version": 4,
  "terraform_version": "1.10.4",
  "serial": 53,
  "lineage": "7911b7ab-7221-8504-edcb-f7178084eddf",
  "outputs": {},
  "resources": [
    {
      "mode": "managed",
      "type": "kubernetes_deployment",
      "name": "database",
      "provider": "provider[\"registry.terraform.io/hashicorp/kubernetes\"]",
      "instances": [
        {
          "index_key": "dev",
          "schema_version": 1,
          "attributes": {
            "id": "dev/postgresql-dev",
            "metadata": [
              {
                "annotations": {},
                "generate_name": "",
                "generation": 1,
                "labels": {
                  "app": "postgresql-dev"
                },
                "name": "postgresql-dev",
                "namespace": "dev",
                "resource_version": "1271",
                "uid": "f2cc3c92-e9f7-4d6f-b532-fa13759bd0ea"
              }
            ],
            "spec": [
              {
                "min_ready_seconds": 0,
                "paused": false,
                "progress_deadline_seconds": 600,
                "replicas": "1",
                "revision_history_limit": 10,
                "selector": [
                  {
                    "match_expressions": [],
                    "match_labels": {
                      "app": "postgresql-dev"
                    }
                  }
                ],
                "strategy": [
                  {
                    "rolling_update": [
                      {
                        "max_surge": "25%",
                        "max_unavailable": "25%"
                      }
                    ],
                    "type": "RollingUpdate"
                  }
                ],
                "template": [
                  {
                    "metadata": [
                      {
                        "annotations": {},
                        "generate_name": "",
                        "generation": 0,
                        "labels": {
                          "app": "postgresql-dev"
                        },
                        "name": "",
                        "namespace": "",
                        "resource_version": "",
                        "uid": ""
                      }
                    ],
                    "spec": [
                      {
                        "active_deadline_seconds": 0,
                        "affinity": [],
                        "automount_service_account_token": true,
                        "container": [
                          {
                            "args": [],
                            "command": [],
                            "env": [
                              {
                                "name": "POSTGRES_DB",
                                "value": "odoo_db",
                                "value_from": []
                              },
                              {
                                "name": "POSTGRES_USER",
                                "value": "odoo_user",
                                "value_from": []
                              },
                              {
                                "name": "POSTGRES_PASSWORD",
                                "value": "odoo_pass",
                                "value_from": []
                              }
                            ],
                            "env_from": [],
                            "image": "postgres:13",
                            "image_pull_policy": "IfNotPresent",
                            "lifecycle": [],
                            "liveness_probe": [],
                            "name": "postgresql",
                            "port": [
                              {
                                "container_port": 5432,
                                "host_ip": "",
                                "host_port": 0,
                                "name": "",
                                "protocol": "TCP"
                              }
                            ],
                            "readiness_probe": [],
                            "resources": [
                              {
                                "limits": {},
                                "requests": {}
                              }
                            ],
                            "security_context": [],
                            "startup_probe": [],
                            "stdin": false,
                            "stdin_once": false,
                            "termination_message_path": "/dev/termination-log",
                            "termination_message_policy": "File",
                            "tty": false,
                            "volume_device": [],
                            "volume_mount": [],
                            "working_dir": ""
                          }
                        ],
                        "dns_config": [],
                        "dns_policy": "ClusterFirst",
                        "enable_service_links": true,
                        "host_aliases": [],
                        "host_ipc": false,
                        "host_network": false,
                        "host_pid": false,
                        "hostname": "",
                        "image_pull_secrets": [],
                        "init_container": [],
                        "node_name": "",
                        "node_selector": {},
                        "os": [],
                        "priority_class_name": "",
                        "readiness_gate": [],
                        "restart_policy": "Always",
                        "runtime_class_name": "",
                        "scheduler_name": "default-scheduler",
                        "security_context": [],
                        "service_account_name": "",
                        "share_process_namespace": false,
                        "subdomain": "",
                        "termination_grace_period_seconds": 30,
                        "toleration": [],
                        "topology_spread_constraint": [],
                        "volume": []
                      }
                    ]
                  }
                ]
              }
            ],
            "timeouts": null,
            "wait_for_rollout": true
          },
          "sensitive_attributes": [],
          "private": "eyJlMmJmYjczMC1lY2FhLTExZTYtOGY4OC0zNDM2M2JjN2M0YzAiOnsiY3JlYXRlIjo2MDAwMDAwMDAwMDAsImRlbGV0ZSI6NjAwMDAwMDAwMDAwLCJ1cGRhdGUiOjYwMDAwMDAwMDAwMH0sInNjaGVtYV92ZXJzaW9uIjoiMSJ9"
        },
        {
          "index_key": "prod",
          "schema_version": 1,
          "attributes": {
            "id": "prod/postgresql-prod",
            "metadata": [
              {
                "annotations": {},
                "generate_name": "",
                "generation": 1,
                "labels": {
                  "app": "postgresql-prod"
                },
                "name": "postgresql-prod",
                "namespace": "prod",
                "resource_version": "1265",
                "uid": "a147bd48-c87f-4d49-930b-af462c032925"
              }
            ],
            "spec": [
              {
                "min_ready_seconds": 0,
                "paused": false,
                "progress_deadline_seconds": 600,
                "replicas": "1",
                "revision_history_limit": 10,
                "selector": [
                  {
                    "match_expressions": [],
                    "match_labels": {
                      "app": "postgresql-prod"
                    }
                  }
                ],
                "strategy": [
                  {
                    "rolling_update": [
                      {
                        "max_surge": "25%",
                        "max_unavailable": "25%"
                      }
                    ],
                    "type": "RollingUpdate"
                  }
                ],
                "template": [
                  {
                    "metadata": [
                      {
                        "annotations": {},
                        "generate_name": "",
                        "generation": 0,
                        "labels": {
                          "app": "postgresql-prod"
                        },
                        "name": "",
                        "namespace": "",
                        "resource_version": "",
                        "uid": ""
                      }
                    ],
                    "spec": [
                      {
                        "active_deadline_seconds": 0,
                        "affinity": [],
                        "automount_service_account_token": true,
                        "container": [
                          {
                            "args": [],
                            "command": [],
                            "env": [
                              {
                                "name": "POSTGRES_DB",
                                "value": "odoo_db",
                                "value_from": []
                              },
                              {
                                "name": "POSTGRES_USER",
                                "value": "odoo_user",
                                "value_from": []
                              },
                              {
                                "name": "POSTGRES_PASSWORD",
                                "value": "odoo_pass",
                                "value_from": []
                              }
                            ],
                            "env_from": [],
                            "image": "postgres:13",
                            "image_pull_policy": "IfNotPresent",
                            "lifecycle": [],
                            "liveness_probe": [],
                            "name": "postgresql",
                            "port": [
                              {
                                "container_port": 5432,
                                "host_ip": "",
                                "host_port": 0,
                                "name": "",
                                "protocol": "TCP"
                              }
                            ],
                            "readiness_probe": [],
                            "resources": [
                              {
                                "limits": {},
                                "requests": {}
                              }
                            ],
                            "security_context": [],
                            "startup_probe": [],
                            "stdin": false,
                            "stdin_once": false,
                            "termination_message_path": "/dev/termination-log",
                            "termination_message_policy": "File",
                            "tty": false,
                            "volume_device": [],
                            "volume_mount": [],
                            "working_dir": ""
                          }
                        ],
                        "dns_config": [],
                        "dns_policy": "ClusterFirst",
                        "enable_service_links": true,
                        "host_aliases": [],
                        "host_ipc": false,
                        "host_network": false,
                        "host_pid": false,
                        "hostname": "",
                        "image_pull_secrets": [],
                        "init_container": [],
                        "node_name": "",
                        "node_selector": {},
                        "os": [],
                        "priority_class_name": "",
                        "readiness_gate": [],
                        "restart_policy": "Always",
                        "runtime_class_name": "",
                        "scheduler_name": "default-scheduler",
                        "security_context": [],
                        "service_account_name": "",
                        "share_process_namespace": false,
                        "subdomain": "",
                        "termination_grace_period_seconds": 30,
                        "toleration": [],
                        "topology_spread_constraint": [],
                        "volume": []
                      }
                    ]
                  }
                ]
              }
            ],
            "timeouts": null,
            "wait_for_rollout": true
          },
          "sensitive_attributes": [],
          "private": "eyJlMmJmYjczMC1lY2FhLTExZTYtOGY4OC0zNDM2M2JjN2M0YzAiOnsiY3JlYXRlIjo2MDAwMDAwMDAwMDAsImRlbGV0ZSI6NjAwMDAwMDAwMDAwLCJ1cGRhdGUiOjYwMDAwMDAwMDAwMH0sInNjaGVtYV92ZXJzaW9uIjoiMSJ9"
        },
        {
          "index_key": "qa",
          "schema_version": 1,
          "attributes": {
            "id": "qa/postgresql-qa",
            "metadata": [
              {
                "annotations": {},
                "generate_name": "",
                "generation": 1,
                "labels": {
                  "app": "postgresql-qa"
                },
                "name": "postgresql-qa",
                "namespace": "qa",
                "resource_version": "1227",
                "uid": "9258db71-ba4f-4750-8963-9314d1a2f34c"
              }
            ],
            "spec": [
              {
                "min_ready_seconds": 0,
                "paused": false,
                "progress_deadline_seconds": 600,
                "replicas": "1",
                "revision_history_limit": 10,
                "selector": [
                  {
                    "match_expressions": [],
                    "match_labels": {
                      "app": "postgresql-qa"
                    }
                  }
                ],
                "strategy": [
                  {
                    "rolling_update": [
                      {
                        "max_surge": "25%",
                        "max_unavailable": "25%"
                      }
                    ],
                    "type": "RollingUpdate"
                  }
                ],
                "template": [
                  {
                    "metadata": [
                      {
                        "annotations": {},
                        "generate_name": "",
                        "generation": 0,
                        "labels": {
                          "app": "postgresql-qa"
                        },
                        "name": "",
                        "namespace": "",
                        "resource_version": "",
                        "uid": ""
                      }
                    ],
                    "spec": [
                      {
                        "active_deadline_seconds": 0,
                        "affinity": [],
                        "automount_service_account_token": true,
                        "container": [
                          {
                            "args": [],
                            "command": [],
                            "env": [
                              {
                                "name": "POSTGRES_DB",
                                "value": "odoo_db",
                                "value_from": []
                              },
                              {
                                "name": "POSTGRES_USER",
                                "value": "odoo_user",
                                "value_from": []
                              },
                              {
                                "name": "POSTGRES_PASSWORD",
                                "value": "odoo_pass",
                                "value_from": []
                              }
                            ],
                            "env_from": [],
                            "image": "postgres:13",
                            "image_pull_policy": "IfNotPresent",
                            "lifecycle": [],
                            "liveness_probe": [],
                            "name": "postgresql",
                            "port": [
                              {
                                "container_port": 5432,
                                "host_ip": "",
                                "host_port": 0,
                                "name": "",
                                "protocol": "TCP"
                              }
                            ],
                            "readiness_probe": [],
                            "resources": [
                              {
                                "limits": {},
                                "requests": {}
                              }
                            ],
                            "security_context": [],
                            "startup_probe": [],
                            "stdin": false,
                            "stdin_once": false,
                            "termination_message_path": "/dev/termination-log",
                            "termination_message_policy": "File",
                            "tty": false,
                            "volume_device": [],
                            "volume_mount": [],
                            "working_dir": ""
                          }
                        ],
                        "dns_config": [],
                        "dns_policy": "ClusterFirst",
                        "enable_service_links": true,
                        "host_aliases": [],
                        "host_ipc": false,
                        "host_network": false,
                        "host_pid": false,
                        "hostname": "",
                        "image_pull_secrets": [],
                        "init_container": [],
                        "node_name": "",
                        "node_selector": {},
                        "os": [],
                        "priority_class_name": "",
                        "readiness_gate": [],
                        "restart_policy": "Always",
                        "runtime_class_name": "",
                        "scheduler_name": "default-scheduler",
                        "security_context": [],
                        "service_account_name": "",
                        "share_process_namespace": false,
                        "subdomain": "",
                        "termination_grace_period_seconds": 30,
                        "toleration": [],
                        "topology_spread_constraint": [],
                        "volume": []
                      }
                    ]
                  }
                ]
              }
            ],
            "timeouts": null,
            "wait_for_rollout": true
          },
          "sensitive_attributes": [],
          "private": "eyJlMmJmYjczMC1lY2FhLTExZTYtOGY4OC0zNDM2M2JjN2M0YzAiOnsiY3JlYXRlIjo2MDAwMDAwMDAwMDAsImRlbGV0ZSI6NjAwMDAwMDAwMDAwLCJ1cGRhdGUiOjYwMDAwMDAwMDAwMH0sInNjaGVtYV92ZXJzaW9uIjoiMSJ9"
        }
      ]
    },
    {
      "mode": "managed",
      "type": "kubernetes_deployment",
      "name": "odoo",
      "provider": "provider[\"registry.terraform.io/hashicorp/kubernetes\"]",
      "instances": [
        {
          "index_key": "dev",
          "schema_version": 1,
          "attributes": {
            "id": "dev/odoo-dev",
            "metadata": [
              {
                "annotations": {},
                "generate_name": "",
                "generation": 1,
                "labels": {
                  "app": "odoo-dev"
                },
                "name": "odoo-dev",
                "namespace": "dev",
                "resource_version": "1511",
                "uid": "11c88978-affa-4f42-ab5f-97bb200a38f4"
              }
            ],
            "spec": [
              {
                "min_ready_seconds": 0,
                "paused": false,
                "progress_deadline_seconds": 600,
                "replicas": "1",
                "revision_history_limit": 10,
                "selector": [
                  {
                    "match_expressions": [],
                    "match_labels": {
                      "app": "odoo-dev"
                    }
                  }
                ],
                "strategy": [
                  {
                    "rolling_update": [
                      {
                        "max_surge": "25%",
                        "max_unavailable": "25%"
                      }
                    ],
                    "type": "RollingUpdate"
                  }
                ],
                "template": [
                  {
                    "metadata": [
                      {
                        "annotations": {},
                        "generate_name": "",
                        "generation": 0,
                        "labels": {
                          "app": "odoo-dev"
                        },
                        "name": "",
                        "namespace": "",
                        "resource_version": "",
                        "uid": ""
                      }
                    ],
                    "spec": [
                      {
                        "active_deadline_seconds": 0,
                        "affinity": [],
                        "automount_service_account_token": true,
                        "container": [
                          {
                            "args": [],
                            "command": [],
                            "env": [
                              {
                                "name": "HOST",
                                "value": "postgresql-service-dev",
                                "value_from": []
                              },
                              {
                                "name": "USER",
                                "value": "odoo_user",
                                "value_from": []
                              },
                              {
                                "name": "PASSWORD",
                                "value": "odoo_pass",
                                "value_from": []
                              },
                              {
                                "name": "DBNAME",
                                "value": "odoo_db",
                                "value_from": []
                              }
                            ],
                            "env_from": [],
                            "image": "odoo:16.0",
                            "image_pull_policy": "IfNotPresent",
                            "lifecycle": [],
                            "liveness_probe": [],
                            "name": "odoo",
                            "port": [
                              {
                                "container_port": 8069,
                                "host_ip": "",
                                "host_port": 0,
                                "name": "",
                                "protocol": "TCP"
                              }
                            ],
                            "readiness_probe": [],
                            "resources": [
                              {
                                "limits": {},
                                "requests": {}
                              }
                            ],
                            "security_context": [],
                            "startup_probe": [],
                            "stdin": false,
                            "stdin_once": false,
                            "termination_message_path": "/dev/termination-log",
                            "termination_message_policy": "File",
                            "tty": false,
                            "volume_device": [],
                            "volume_mount": [],
                            "working_dir": ""
                          }
                        ],
                        "dns_config": [],
                        "dns_policy": "ClusterFirst",
                        "enable_service_links": true,
                        "host_aliases": [],
                        "host_ipc": false,
                        "host_network": false,
                        "host_pid": false,
                        "hostname": "",
                        "image_pull_secrets": [],
                        "init_container": [],
                        "node_name": "",
                        "node_selector": {},
                        "os": [],
                        "priority_class_name": "",
                        "readiness_gate": [],
                        "restart_policy": "Always",
                        "runtime_class_name": "",
                        "scheduler_name": "default-scheduler",
                        "security_context": [],
                        "service_account_name": "",
                        "share_process_namespace": false,
                        "subdomain": "",
                        "termination_grace_period_seconds": 30,
                        "toleration": [],
                        "topology_spread_constraint": [],
                        "volume": []
                      }
                    ]
                  }
                ]
              }
            ],
            "timeouts": null,
            "wait_for_rollout": true
          },
          "sensitive_attributes": [],
          "private": "eyJlMmJmYjczMC1lY2FhLTExZTYtOGY4OC0zNDM2M2JjN2M0YzAiOnsiY3JlYXRlIjo2MDAwMDAwMDAwMDAsImRlbGV0ZSI6NjAwMDAwMDAwMDAwLCJ1cGRhdGUiOjYwMDAwMDAwMDAwMH0sInNjaGVtYV92ZXJzaW9uIjoiMSJ9"
        },
        {
          "index_key": "prod",
          "schema_version": 1,
          "attributes": {
            "id": "prod/odoo-prod",
            "metadata": [
              {
                "annotations": {},
                "generate_name": "",
                "generation": 1,
                "labels": {
                  "app": "odoo-prod"
                },
                "name": "odoo-prod",
                "namespace": "prod",
                "resource_version": "1523",
                "uid": "299f0fba-56d8-4e60-8fda-1ee4bbd92f49"
              }
            ],
            "spec": [
              {
                "min_ready_seconds": 0,
                "paused": false,
                "progress_deadline_seconds": 600,
                "replicas": "3",
                "revision_history_limit": 10,
                "selector": [
                  {
                    "match_expressions": [],
                    "match_labels": {
                      "app": "odoo-prod"
                    }
                  }
                ],
                "strategy": [
                  {
                    "rolling_update": [
                      {
                        "max_surge": "25%",
                        "max_unavailable": "25%"
                      }
                    ],
                    "type": "RollingUpdate"
                  }
                ],
                "template": [
                  {
                    "metadata": [
                      {
                        "annotations": {},
                        "generate_name": "",
                        "generation": 0,
                        "labels": {
                          "app": "odoo-prod"
                        },
                        "name": "",
                        "namespace": "",
                        "resource_version": "",
                        "uid": ""
                      }
                    ],
                    "spec": [
                      {
                        "active_deadline_seconds": 0,
                        "affinity": [],
                        "automount_service_account_token": true,
                        "container": [
                          {
                            "args": [],
                            "command": [],
                            "env": [
                              {
                                "name": "HOST",
                                "value": "postgresql-service-prod",
                                "value_from": []
                              },
                              {
                                "name": "USER",
                                "value": "odoo_user",
                                "value_from": []
                              },
                              {
                                "name": "PASSWORD",
                                "value": "odoo_pass",
                                "value_from": []
                              },
                              {
                                "name": "DBNAME",
                                "value": "odoo_db",
                                "value_from": []
                              }
                            ],
                            "env_from": [],
                            "image": "odoo:16.0",
                            "image_pull_policy": "IfNotPresent",
                            "lifecycle": [],
                            "liveness_probe": [],
                            "name": "odoo",
                            "port": [
                              {
                                "container_port": 8069,
                                "host_ip": "",
                                "host_port": 0,
                                "name": "",
                                "protocol": "TCP"
                              }
                            ],
                            "readiness_probe": [],
                            "resources": [
                              {
                                "limits": {},
                                "requests": {}
                              }
                            ],
                            "security_context": [],
                            "startup_probe": [],
                            "stdin": false,
                            "stdin_once": false,
                            "termination_message_path": "/dev/termination-log",
                            "termination_message_policy": "File",
                            "tty": false,
                            "volume_device": [],
                            "volume_mount": [],
                            "working_dir": ""
                          }
                        ],
                        "dns_config": [],
                        "dns_policy": "ClusterFirst",
                        "enable_service_links": true,
                        "host_aliases": [],
                        "host_ipc": false,
                        "host_network": false,
                        "host_pid": false,
                        "hostname": "",
                        "image_pull_secrets": [],
                        "init_container": [],
                        "node_name": "",
                        "node_selector": {},
                        "os": [],
                        "priority_class_name": "",
                        "readiness_gate": [],
                        "restart_policy": "Always",
                        "runtime_class_name": "",
                        "scheduler_name": "default-scheduler",
                        "security_context": [],
                        "service_account_name": "",
                        "share_process_namespace": false,
                        "subdomain": "",
                        "termination_grace_period_seconds": 30,
                        "toleration": [],
                        "topology_spread_constraint": [],
                        "volume": []
                      }
                    ]
                  }
                ]
              }
            ],
            "timeouts": null,
            "wait_for_rollout": true
          },
          "sensitive_attributes": [],
          "private": "eyJlMmJmYjczMC1lY2FhLTExZTYtOGY4OC0zNDM2M2JjN2M0YzAiOnsiY3JlYXRlIjo2MDAwMDAwMDAwMDAsImRlbGV0ZSI6NjAwMDAwMDAwMDAwLCJ1cGRhdGUiOjYwMDAwMDAwMDAwMH0sInNjaGVtYV92ZXJzaW9uIjoiMSJ9"
        },
        {
          "index_key": "qa",
          "schema_version": 1,
          "attributes": {
            "id": "qa/odoo-qa",
            "metadata": [
              {
                "annotations": {},
                "generate_name": "",
                "generation": 1,
                "labels": {
                  "app": "odoo-qa"
                },
                "name": "odoo-qa",
                "namespace": "qa",
                "resource_version": "1259",
                "uid": "c3b1046f-eede-4b9a-a550-ce1d218c0e35"
              }
            ],
            "spec": [
              {
                "min_ready_seconds": 0,
                "paused": false,
                "progress_deadline_seconds": 600,
                "replicas": "2",
                "revision_history_limit": 10,
                "selector": [
                  {
                    "match_expressions": [],
                    "match_labels": {
                      "app": "odoo-qa"
                    }
                  }
                ],
                "strategy": [
                  {
                    "rolling_update": [
                      {
                        "max_surge": "25%",
                        "max_unavailable": "25%"
                      }
                    ],
                    "type": "RollingUpdate"
                  }
                ],
                "template": [
                  {
                    "metadata": [
                      {
                        "annotations": {},
                        "generate_name": "",
                        "generation": 0,
                        "labels": {
                          "app": "odoo-qa"
                        },
                        "name": "",
                        "namespace": "",
                        "resource_version": "",
                        "uid": ""
                      }
                    ],
                    "spec": [
                      {
                        "active_deadline_seconds": 0,
                        "affinity": [],
                        "automount_service_account_token": true,
                        "container": [
                          {
                            "args": [],
                            "command": [],
                            "env": [
                              {
                                "name": "HOST",
                                "value": "postgresql-service-qa",
                                "value_from": []
                              },
                              {
                                "name": "USER",
                                "value": "odoo_user",
                                "value_from": []
                              },
                              {
                                "name": "PASSWORD",
                                "value": "odoo_pass",
                                "value_from": []
                              },
                              {
                                "name": "DBNAME",
                                "value": "odoo_db",
                                "value_from": []
                              }
                            ],
                            "env_from": [],
                            "image": "odoo:16.0",
                            "image_pull_policy": "IfNotPresent",
                            "lifecycle": [],
                            "liveness_probe": [],
                            "name": "odoo",
                            "port": [
                              {
                                "container_port": 8069,
                                "host_ip": "",
                                "host_port": 0,
                                "name": "",
                                "protocol": "TCP"
                              }
                            ],
                            "readiness_probe": [],
                            "resources": [
                              {
                                "limits": {},
                                "requests": {}
                              }
                            ],
                            "security_context": [],
                            "startup_probe": [],
                            "stdin": false,
                            "stdin_once": false,
                            "termination_message_path": "/dev/termination-log",
                            "termination_message_policy": "File",
                            "tty": false,
                            "volume_device": [],
                            "volume_mount": [],
                            "working_dir": ""
                          }
                        ],
                        "dns_config": [],
                        "dns_policy": "ClusterFirst",
                        "enable_service_links": true,
                        "host_aliases": [],
                        "host_ipc": false,
                        "host_network": false,
                        "host_pid": false,
                        "hostname": "",
                        "image_pull_secrets": [],
                        "init_container": [],
                        "node_name": "",
                        "node_selector": {},
                        "os": [],
                        "priority_class_name": "",
                        "readiness_gate": [],
                        "restart_policy": "Always",
                        "runtime_class_name": "",
                        "scheduler_name": "default-scheduler",
                        "security_context": [],
                        "service_account_name": "",
                        "share_process_namespace": false,
                        "subdomain": "",
                        "termination_grace_period_seconds": 30,
                        "toleration": [],
                        "topology_spread_constraint": [],
                        "volume": []
                      }
                    ]
                  }
                ]
              }
            ],
            "timeouts": null,
            "wait_for_rollout": true
          },
          "sensitive_attributes": [],
          "private": "eyJlMmJmYjczMC1lY2FhLTExZTYtOGY4OC0zNDM2M2JjN2M0YzAiOnsiY3JlYXRlIjo2MDAwMDAwMDAwMDAsImRlbGV0ZSI6NjAwMDAwMDAwMDAwLCJ1cGRhdGUiOjYwMDAwMDAwMDAwMH0sInNjaGVtYV92ZXJzaW9uIjoiMSJ9"
        }
      ]
    },
    {
      "mode": "managed",
      "type": "kubernetes_namespace",
      "name": "environment",
      "provider": "provider[\"registry.terraform.io/hashicorp/kubernetes\"]",
      "instances": [
        {
          "index_key": "dev",
          "schema_version": 0,
          "attributes": {
            "id": "dev",
            "metadata": [
              {
                "annotations": {},
                "generate_name": "",
                "generation": 0,
                "labels": {},
                "name": "dev",
                "resource_version": "1149",
                "uid": "b4fd4f94-7f2b-4834-ad63-51fe1f9a67e2"
              }
            ],
            "timeouts": null,
            "wait_for_default_service_account": false
          },
          "sensitive_attributes": [],
          "private": "eyJlMmJmYjczMC1lY2FhLTExZTYtOGY4OC0zNDM2M2JjN2M0YzAiOnsiZGVsZXRlIjozMDAwMDAwMDAwMDB9fQ=="
        },
        {
          "index_key": "prod",
          "schema_version": 0,
          "attributes": {
            "id": "prod",
            "metadata": [
              {
                "annotations": {},
                "generate_name": "",
                "generation": 0,
                "labels": {},
                "name": "prod",
                "resource_version": "1147",
                "uid": "3b1d32b3-67d6-4b1a-929b-731c861f85fe"
              }
            ],
            "timeouts": null,
            "wait_for_default_service_account": false
          },
          "sensitive_attributes": [],
          "private": "eyJlMmJmYjczMC1lY2FhLTExZTYtOGY4OC0zNDM2M2JjN2M0YzAiOnsiZGVsZXRlIjozMDAwMDAwMDAwMDB9fQ=="
        },
        {
          "index_key": "qa",
          "schema_version": 0,
          "attributes": {
            "id": "qa",
            "metadata": [
              {
                "annotations": {},
                "generate_name": "",
                "generation": 0,
                "labels": {},
                "name": "qa",
                "resource_version": "1126",
                "uid": "f138f65c-5a86-4e26-8573-b4ff769be92e"
              }
            ],
            "timeouts": null,
            "wait_for_default_service_account": false
          },
          "sensitive_attributes": [],
          "private": "eyJlMmJmYjczMC1lY2FhLTExZTYtOGY4OC0zNDM2M2JjN2M0YzAiOnsiZGVsZXRlIjozMDAwMDAwMDAwMDB9fQ=="
        }
      ]
    },
    {
      "mode": "managed",
      "type": "kubernetes_service",
      "name": "database",
      "provider": "provider[\"registry.terraform.io/hashicorp/kubernetes\"]",
      "instances": [
        {
          "index_key": "dev",
          "schema_version": 1,
          "attributes": {
            "id": "dev/postgresql-service-dev",
            "metadata": [
              {
                "annotations": {},
                "generate_name": "",
                "generation": 0,
                "labels": {},
                "name": "postgresql-service-dev",
                "namespace": "dev",
                "resource_version": "1452",
                "uid": "273a9836-6c66-4a7e-8ddd-ce8abaf2d253"
              }
            ],
            "spec": [
              {
                "allocate_load_balancer_node_ports": true,
                "cluster_ip": "10.105.148.86",
                "cluster_ips": [
                  "10.105.148.86"
                ],
                "external_ips": [],
                "external_name": "",
                "external_traffic_policy": "",
                "health_check_node_port": 0,
                "internal_traffic_policy": "Cluster",
                "ip_families": [
                  "IPv4"
                ],
                "ip_family_policy": "SingleStack",
                "load_balancer_class": "",
                "load_balancer_ip": "",
                "load_balancer_source_ranges": [],
                "port": [
                  {
                    "app_protocol": "",
                    "name": "",
                    "node_port": 0,
                    "port": 5432,
                    "protocol": "TCP",
                    "target_port": "5432"
                  }
                ],
                "publish_not_ready_addresses": false,
                "selector": {
                  "app": "postgresql-dev"
                },
                "session_affinity": "None",
                "session_affinity_config": [],
                "type": "ClusterIP"
              }
            ],
            "status": [
              {
                "load_balancer": [
                  {
                    "ingress": []
                  }
                ]
              }
            ],
            "timeouts": null,
            "wait_for_load_balancer": true
          },
          "sensitive_attributes": [],
          "private": "eyJlMmJmYjczMC1lY2FhLTExZTYtOGY4OC0zNDM2M2JjN2M0YzAiOnsiY3JlYXRlIjo2MDAwMDAwMDAwMDB9LCJzY2hlbWFfdmVyc2lvbiI6IjEifQ=="
        },
        {
          "index_key": "prod",
          "schema_version": 1,
          "attributes": {
            "id": "prod/postgresql-service-prod",
            "metadata": [
              {
                "annotations": {},
                "generate_name": "",
                "generation": 0,
                "labels": {},
                "name": "postgresql-service-prod",
                "namespace": "prod",
                "resource_version": "1444",
                "uid": "a0081f99-c049-4aea-8e4a-d21a7551db66"
              }
            ],
            "spec": [
              {
                "allocate_load_balancer_node_ports": true,
                "cluster_ip": "10.98.25.136",
                "cluster_ips": [
                  "10.98.25.136"
                ],
                "external_ips": [],
                "external_name": "",
                "external_traffic_policy": "",
                "health_check_node_port": 0,
                "internal_traffic_policy": "Cluster",
                "ip_families": [
                  "IPv4"
                ],
                "ip_family_policy": "SingleStack",
                "load_balancer_class": "",
                "load_balancer_ip": "",
                "load_balancer_source_ranges": [],
                "port": [
                  {
                    "app_protocol": "",
                    "name": "",
                    "node_port": 0,
                    "port": 5432,
                    "protocol": "TCP",
                    "target_port": "5432"
                  }
                ],
                "publish_not_ready_addresses": false,
                "selector": {
                  "app": "postgresql-prod"
                },
                "session_affinity": "None",
                "session_affinity_config": [],
                "type": "ClusterIP"
              }
            ],
            "status": [
              {
                "load_balancer": [
                  {
                    "ingress": []
                  }
                ]
              }
            ],
            "timeouts": null,
            "wait_for_load_balancer": true
          },
          "sensitive_attributes": [],
          "private": "eyJlMmJmYjczMC1lY2FhLTExZTYtOGY4OC0zNDM2M2JjN2M0YzAiOnsiY3JlYXRlIjo2MDAwMDAwMDAwMDB9LCJzY2hlbWFfdmVyc2lvbiI6IjEifQ=="
        },
        {
          "index_key": "qa",
          "schema_version": 1,
          "attributes": {
            "id": "qa/postgresql-service-qa",
            "metadata": [
              {
                "annotations": {},
                "generate_name": "",
                "generation": 0,
                "labels": {},
                "name": "postgresql-service-qa",
                "namespace": "qa",
                "resource_version": "1136",
                "uid": "d0f7bd20-052e-462d-bef2-9304ce82488b"
              }
            ],
            "spec": [
              {
                "allocate_load_balancer_node_ports": true,
                "cluster_ip": "10.106.165.101",
                "cluster_ips": [
                  "10.106.165.101"
                ],
                "external_ips": [],
                "external_name": "",
                "external_traffic_policy": "",
                "health_check_node_port": 0,
                "internal_traffic_policy": "Cluster",
                "ip_families": [
                  "IPv4"
                ],
                "ip_family_policy": "SingleStack",
                "load_balancer_class": "",
                "load_balancer_ip": "",
                "load_balancer_source_ranges": [],
                "port": [
                  {
                    "app_protocol": "",
                    "name": "",
                    "node_port": 0,
                    "port": 5432,
                    "protocol": "TCP",
                    "target_port": "5432"
                  }
                ],
                "publish_not_ready_addresses": false,
                "selector": {
                  "app": "postgresql-qa"
                },
                "session_affinity": "None",
                "session_affinity_config": [],
                "type": "ClusterIP"
              }
            ],
            "status": [
              {
                "load_balancer": [
                  {
                    "ingress": []
                  }
                ]
              }
            ],
            "timeouts": null,
            "wait_for_load_balancer": true
          },
          "sensitive_attributes": [],
          "private": "eyJlMmJmYjczMC1lY2FhLTExZTYtOGY4OC0zNDM2M2JjN2M0YzAiOnsiY3JlYXRlIjo2MDAwMDAwMDAwMDB9LCJzY2hlbWFfdmVyc2lvbiI6IjEifQ=="
        }
      ]
    },
    {
      "mode": "managed",
      "type": "kubernetes_service",
      "name": "odoo",
      "provider": "provider[\"registry.terraform.io/hashicorp/kubernetes\"]",
      "instances": [
        {
          "index_key": "dev",
          "schema_version": 1,
          "attributes": {
            "id": "dev/odoo-service-dev",
            "metadata": [
              {
                "annotations": {},
                "generate_name": "",
                "generation": 0,
                "labels": {},
                "name": "odoo-service-dev",
                "namespace": "dev",
                "resource_version": "1443",
                "uid": "74a792ee-f18b-4ebb-b1ef-531e8328924b"
              }
            ],
            "spec": [
              {
                "allocate_load_balancer_node_ports": true,
                "cluster_ip": "10.103.63.118",
                "cluster_ips": [
                  "10.103.63.118"
                ],
                "external_ips": [],
                "external_name": "",
                "external_traffic_policy": "",
                "health_check_node_port": 0,
                "internal_traffic_policy": "Cluster",
                "ip_families": [
                  "IPv4"
                ],
                "ip_family_policy": "SingleStack",
                "load_balancer_class": "",
                "load_balancer_ip": "",
                "load_balancer_source_ranges": [],
                "port": [
                  {
                    "app_protocol": "",
                    "name": "",
                    "node_port": 0,
                    "port": 8069,
                    "protocol": "TCP",
                    "target_port": "8069"
                  }
                ],
                "publish_not_ready_addresses": false,
                "selector": {
                  "app": "odoo-dev"
                },
                "session_affinity": "None",
                "session_affinity_config": [],
                "type": "ClusterIP"
              }
            ],
            "status": [
              {
                "load_balancer": [
                  {
                    "ingress": []
                  }
                ]
              }
            ],
            "timeouts": null,
            "wait_for_load_balancer": true
          },
          "sensitive_attributes": [],
          "private": "eyJlMmJmYjczMC1lY2FhLTExZTYtOGY4OC0zNDM2M2JjN2M0YzAiOnsiY3JlYXRlIjo2MDAwMDAwMDAwMDB9LCJzY2hlbWFfdmVyc2lvbiI6IjEifQ=="
        },
        {
          "index_key": "prod",
          "status": "tainted",
          "schema_version": 1,
          "attributes": {
            "id": "prod/odoo-service-prod",
            "metadata": [
              {
                "annotations": null,
                "generate_name": "",
                "generation": 0,
                "labels": null,
                "name": "odoo-service-prod",
                "namespace": "prod",
                "resource_version": "",
                "uid": ""
              }
            ],
            "spec": [
              {
                "allocate_load_balancer_node_ports": true,
                "cluster_ip": "",
                "cluster_ips": [],
                "external_ips": null,
                "external_name": "",
                "external_traffic_policy": "",
                "health_check_node_port": 0,
                "internal_traffic_policy": "",
                "ip_families": [],
                "ip_family_policy": "",
                "load_balancer_class": "",
                "load_balancer_ip": "",
                "load_balancer_source_ranges": null,
                "port": [
                  {
                    "app_protocol": "",
                    "name": "",
                    "node_port": 0,
                    "port": 8069,
                    "protocol": "TCP",
                    "target_port": "8069"
                  }
                ],
                "publish_not_ready_addresses": false,
                "selector": {
                  "app": "odoo-prod"
                },
                "session_affinity": "None",
                "session_affinity_config": [],
                "type": "LoadBalancer"
              }
            ],
            "status": null,
            "timeouts": null,
            "wait_for_load_balancer": true
          },
          "sensitive_attributes": [],
          "private": "eyJlMmJmYjczMC1lY2FhLTExZTYtOGY4OC0zNDM2M2JjN2M0YzAiOnsiY3JlYXRlIjo2MDAwMDAwMDAwMDB9LCJzY2hlbWFfdmVyc2lvbiI6IjEifQ=="
        },
        {
          "index_key": "qa",
          "schema_version": 1,
          "attributes": {
            "id": "qa/odoo-service-qa",
            "metadata": [
              {
                "annotations": {},
                "generate_name": "",
                "generation": 0,
                "labels": {},
                "name": "odoo-service-qa",
                "namespace": "qa",
                "resource_version": "1146",
                "uid": "80fa9d9f-e939-420c-a412-6e1eabb72fc8"
              }
            ],
            "spec": [
              {
                "allocate_load_balancer_node_ports": true,
                "cluster_ip": "10.103.88.230",
                "cluster_ips": [
                  "10.103.88.230"
                ],
                "external_ips": [],
                "external_name": "",
                "external_traffic_policy": "",
                "health_check_node_port": 0,
                "internal_traffic_policy": "Cluster",
                "ip_families": [
                  "IPv4"
                ],
                "ip_family_policy": "SingleStack",
                "load_balancer_class": "",
                "load_balancer_ip": "",
                "load_balancer_source_ranges": [],
                "port": [
                  {
                    "app_protocol": "",
                    "name": "",
                    "node_port": 0,
                    "port": 8069,
                    "protocol": "TCP",
                    "target_port": "8069"
                  }
                ],
                "publish_not_ready_addresses": false,
                "selector": {
                  "app": "odoo-qa"
                },
                "session_affinity": "None",
                "session_affinity_config": [],
                "type": "ClusterIP"
              }
            ],
            "status": [
              {
                "load_balancer": [
                  {
                    "ingress": []
                  }
                ]
              }
            ],
            "timeouts": null,
            "wait_for_load_balancer": true
          },
          "sensitive_attributes": [],
          "private": "eyJlMmJmYjczMC1lY2FhLTExZTYtOGY4OC0zNDM2M2JjN2M0YzAiOnsiY3JlYXRlIjo2MDAwMDAwMDAwMDB9LCJzY2hlbWFfdmVyc2lvbiI6IjEifQ=="
        }
      ]
    },
    {
      "mode": "managed",
      "type": "minikube_cluster",
      "name": "cluster",
      "provider": "provider[\"registry.terraform.io/scott-the-programmer/minikube\"]",
      "instances": [
        {
          "schema_version": 0,
          "attributes": {
            "addons": [],
            "apiserver_ips": [],
            "apiserver_name": "minikubeCA",
            "apiserver_names": [],
            "apiserver_port": 8443,
            "auto_pause_interval": 1,
            "auto_update_drivers": true,
            "base_image": "gcr.io/k8s-minikube/kicbase:v0.0.44@sha256:eb04641328b06c5c4a14f4348470e1046bbcf9c2cbc551486e343d3a49db557e",
            "binary_mirror": null,
            "cache_images": true,
            "cert_expiration": 1576800,
            "client_certificate": "-----BEGIN CERTIFICATE-----\nMIIDITCCAgmgAwIBAgIBAjANBgkqhkiG9w0BAQsFADAVMRMwEQYDVQQDEwptaW5p\na3ViZUNBMB4XDTI1MDEyNTEzNDAyMFoXDTI4MDEyNjEzNDAyMFowMTEXMBUGA1UE\nChMOc3lzdGVtOm1hc3RlcnMxFjAUBgNVBAMTDW1pbmlrdWJlLXVzZXIwggEiMA0G\nCSqGSIb3DQEBAQUAA4IBDwAwggEKAoIBAQDUz0JGHVOD5y9kMP+l85ZKB2+rHEhG\n7lndhMkHo3nRbp+OseRsde8ImCj9csz8KZC9N3zb3z/k9DLudiAPl7aW4W1/uQBc\nZbSK4M/bordaoKNxdDdcE5cQbAX+16t01uDY93uENTmJc5ls1wnnsOY2JqKk1rhL\n1W7FbEXKe2FCFdf6FGb03Mu7lXKS1jlEYmg4BcV0NDj1zkwagz8O+V8DAz7sbM50\nNy7P0gXSg+Za5ELluZP1bO+QD1yd1F9YUqredgPUSQ1KcAgtR8peburA+pjJr0ni\nQjfBY6EQnIk+GS9VilzIJKr8iyBXlRjJEtckbcv9jxpsG+uqm6El2IHfAgMBAAGj\nYDBeMA4GA1UdDwEB/wQEAwIFoDAdBgNVHSUEFjAUBggrBgEFBQcDAQYIKwYBBQUH\nAwIwDAYDVR0TAQH/BAIwADAfBgNVHSMEGDAWgBS0nV7bwI20w+TWqOOa2teYvsWT\nnjANBgkqhkiG9w0BAQsFAAOCAQEAWxxUQXitTCMQvI/7TFhmUYEhrhxWptqVLi6L\ndLsz+/G17df5su4rTxBAkbSFuIy6yHYKbzbWEG/Z1PA1bZkuvmQZYxSMmC7dRBMF\nDzUfXp8wo+VDS3x+CnO9md/+J3snIxjO72R3bEoe9Zhn/cAs5QxY2FBnHbQN9D1s\nJGu/03J7wCJiqFGWMXKy3FBiNcaXVOPw6RGTD0VYXWpOjDDS1Kiypoh7pYlzqdMQ\nbyPBK0582TGktkPWAiY0VF06YbuXGUS5zpDwhFgxDLhUxbStL6zDLD6xmK1uecn2\nlakrmq6LJXcrcVRkXa/DRV92MkZi0mQVkIlJMhY6uOcJWijrhQ==\n-----END CERTIFICATE-----\n",
            "client_key": "-----BEGIN RSA PRIVATE KEY-----\nMIIEpgIBAAKCAQEA1M9CRh1Tg+cvZDD/pfOWSgdvqxxIRu5Z3YTJB6N50W6fjrHk\nbHXvCJgo/XLM/CmQvTd8298/5PQy7nYgD5e2luFtf7kAXGW0iuDP26K3WqCjcXQ3\nXBOXEGwF/terdNbg2Pd7hDU5iXOZbNcJ57DmNiaipNa4S9VuxWxFynthQhXX+hRm\n9NzLu5VyktY5RGJoOAXFdDQ49c5MGoM/DvlfAwM+7GzOdDcuz9IF0oPmWuRC5bmT\n9WzvkA9cndRfWFKq3nYD1EkNSnAILUfKXm7qwPqYya9J4kI3wWOhEJyJPhkvVYpc\nyCSq/IsgV5UYyRLXJG3L/Y8abBvrqpuhJdiB3wIDAQABAoIBAQDKX4qjyLGqBwjP\nW7VRqHJsVeQAsbWeFn5JJURTSkfHPU7o0Qzrg79bye95DloXFqP4/LJ1GTnWzc89\nbAITMfBGTXvm8RSByYpGY4HnWTbKLWcgticLHeoTiNauwYPgaZOLYNYKJN9hchge\nI+TceyKBrn4PCc5a904O2mcIJgqYXxcXm81vUzNhmpvqIZqw6a0rrzDnDQ/81PyJ\ngOmtDMDfley8tm1DEHHBtzZ/+rLB/nTJsgtSI/c4JYsJ050rr/SYLgD/H0ZTu74O\nHjBcsxmE0n7d5fjhqLkHYjyubBN8qoQTLyktI3I8gyc/4W8Lu2EAT8ygoEBbJsa0\nykisJOOJAoGBAPPkwr0dmg9oWrFi+setx/FS2QxA3UJHl0dDhDTVKjC55OchHTFX\ngRw0lPm0915sjaZw4RG54dzYyE79Pkorw6ir1+dUtRk+rYm0PvqkMTrRNGWfOKoM\nhUVC5PGqjp+XOwIctczHnG6vH2o49gGh5/AdBbrJD+5kfJMRf5sus+S9AoGBAN9f\ngNbkkidhCQmvAcCRVwmMbYTZB4i9e6wgEbZmyT7e7+JhBW4S2ZmvbGpo0gy1F+34\nxn8mrvsFy8H84dCtlC/pOFCzpSqi52boan46eap/mUvnjxUE271FZc4RUJvUZZkg\nau3cOfJXLthxXvqTVQb+7NFkKHsAYEQIb0AQ7KDLAoGBAMng1gzB/u63+zIPcvNr\ndi/b2ssYucyOA7s6OKmetICGruFd+JMKElWtdI7I62UeR5W4o6QPj9RFIHC5kCDG\n3vqz20+hPxH5Xp24M9U1qYY8+rkPNVEUcg/lkiozekDBZleWOimaJHM9w6wiIAcz\n5A9NhpuYp/Y0+SSm/FAQNVmlAoGBAK1bAzTDo6IoLslzJtr6cSAZ+g02GiDHXanS\nIaz7zIecoXOBdKNewb4CZROYUhxGl1G61uJrdTWf4+ijh+VaMT2VtHz9TtvuHcTB\n75QTccUeziwYg/T+FkOoDkCFM5gcmNTkUdhUKCyp+NNF+T5jBYQuaECBiOEdA5kJ\nKr3/5IVNAoGBAIiYyyQ7bS3Y9iXxJhjP74Lq5bKZlirS2U/xdOobv7LB412jT6dy\nK7+uVFLNd4mbe2LxGBHpvqVYrPvRV9UaW+1ndWREEaOgfzK5cM1Ydj1tXSgHzAA4\nyc6rCh3Br74x7C0Qtqv300W2NKvr4BvJFPp8ytGF5+QbRlzHShUYqkcP\n-----END RSA PRIVATE KEY-----\n",
            "cluster_ca_certificate": "-----BEGIN CERTIFICATE-----\nMIIDBjCCAe6gAwIBAgIBATANBgkqhkiG9w0BAQsFADAVMRMwEQYDVQQDEwptaW5p\na3ViZUNBMB4XDTI1MDEwNzIxMjUzNloXDTM1MDEwNjIxMjUzNlowFTETMBEGA1UE\nAxMKbWluaWt1YmVDQTCCASIwDQYJKoZIhvcNAQEBBQADggEPADCCAQoCggEBAKDD\nFR9jLP/3R/7Id9rBPWciguspkbm3kuLTCR5gZStAI+LQ3TzWC40Tvkdls2lbm4Xu\n9Z+OdqvRBBY3zDnMWxrWHmu5xsqiUAuCLhW7SVfWeXTAB3y2Av8bQxbC0csfkvn9\nHtTAl+5QV2bQI8hEhQGSN/7xpB9f5fOwt8nUGlDirho1gw9b5qnvhewyl/8v9kBH\n5ZtxCTxBedGfg9qLRDsZVYwnNbxom1I7w5vXEMkXHVzsQjNrFAFW7Ic0nSIgfNxN\ninJeQii16aUnzQ0WfgNbwHqcWoxkcb0YLnL6SR8q0MnmUs+Dp7Y1zgqhTMyhblpl\nHMT9nn7SG3VIrq8TAgsCAwEAAaNhMF8wDgYDVR0PAQH/BAQDAgKkMB0GA1UdJQQW\nMBQGCCsGAQUFBwMCBggrBgEFBQcDATAPBgNVHRMBAf8EBTADAQH/MB0GA1UdDgQW\nBBS0nV7bwI20w+TWqOOa2teYvsWTnjANBgkqhkiG9w0BAQsFAAOCAQEAZkitJGkL\nbPyaM66xuC8WpCYGF9C5kzHOfeDrA3ORLf+4KfTtgaixdE6zU9i5eLWOQJnhIAsv\nXPXlXiIaMeJSq6qkfOPRJ4oUVzKlcgvg97ZUs9yIVceUdLANRZpONd+1mL1wWugj\naYX6cSzt/o29KmaacR4YyJA35rZyvBFSn4DJ2ea3+fuItIi51TjUYAdIxIrvDMzB\nWinATUaRdK+D4NUJMTKkSRuv8qItkLtIDCLlgWZWAmdtfxaTjvJZRd6tJx+oFGQY\n+cEjzP+dJnxXR3MxpiFtlgLVTFD/DvDCbYXZTF/DAxYutuI8fkxs/SBAPylhpF7T\nnId7BnmC/8cyZg==\n-----END CERTIFICATE-----\n",
            "cluster_name": "odoo-cluster",
            "cni": "",
            "container_runtime": "docker",
            "cpus": 2,
            "cri_socket": "",
            "delete_on_failure": false,
            "disable_driver_mounts": false,
            "disable_metrics": false,
            "disable_optimizations": false,
            "disk_size": "20000mb",
            "dns_domain": "cluster.local",
            "dns_proxy": false,
            "docker_env": null,
            "docker_opt": null,
            "download_only": false,
            "driver": "docker",
            "dry_run": false,
            "embed_certs": false,
            "enable_default_cni": false,
            "extra_config": [],
            "extra_disks": 0,
            "feature_gates": "",
            "force": false,
            "force_systemd": false,
            "gpus": null,
            "ha": false,
            "host": "https://192.168.67.2:8443",
            "host_dns_resolver": true,
            "host_only_cidr": "192.168.59.1/24",
            "host_only_nic_type": "virtio",
            "hyperkit_vpnkit_sock": "",
            "hyperkit_vsock_ports": [],
            "hyperv_external_adapter": "",
            "hyperv_use_external_switch": false,
            "hyperv_virtual_switch": "",
            "id": "odoo-cluster",
            "image_mirror_country": null,
            "image_repository": "",
            "insecure_registry": [],
            "install_addons": true,
            "interactive": true,
            "iso_url": [
              "https://github.com/kubernetes/minikube/releases/download/v1.33.0/minikube-v1.33.0-arm64.iso"
            ],
            "keep_context": false,
            "kubernetes_version": null,
            "kvm_gpu": false,
            "kvm_hidden": false,
            "kvm_network": "default",
            "kvm_numa_count": 1,
            "kvm_qemu_uri": "qemu:///system",
            "listen_address": "",
            "memory": "4096mb",
            "mount": false,
            "mount_9p_version": "9p2000.L",
            "mount_gid": "docker",
            "mount_ip": null,
            "mount_msize": 262144,
            "mount_options": null,
            "mount_port": 0,
            "mount_string": "/home:/minikube-host",
            "mount_type": "9p",
            "mount_uid": "docker",
            "namespace": "default",
            "nat_nic_type": "virtio",
            "native_ssh": true,
            "network": "",
            "network_plugin": null,
            "nfs_share": [],
            "nfs_shares_root": "/nfsshares",
            "no_kubernetes": false,
            "no_vtx_check": false,
            "nodes": 1,
            "output": "text",
            "ports": [],
            "preload": true,
            "qemu_firmware_path": null,
            "registry_mirror": [],
            "service_cluster_ip_range": "10.96.0.0/12",
            "socket_vmnet_client_path": "/opt/homebrew/opt/socket_vmnet/bin/socket_vmnet_client",
            "socket_vmnet_path": "/opt/homebrew/var/run/socket_vmnet",
            "ssh_ip_address": "",
            "ssh_key": "",
            "ssh_port": 22,
            "ssh_user": "root",
            "static_ip": null,
            "subnet": null,
            "trace": null,
            "uuid": "",
            "vm": false,
            "vm_driver": null,
            "wait": null,
            "wait_timeout": 6
          },
          "sensitive_attributes": [
            [
              {
                "type": "get_attr",
                "value": "client_key"
              }
            ],
            [
              {
                "type": "get_attr",
                "value": "cluster_ca_certificate"
              }
            ],
            [
              {
                "type": "get_attr",
                "value": "client_certificate"
              }
            ]
          ],
          "private": "bnVsbA=="
        }
      ]
    }
  ],
  "check_results": null
}
