{
  "version": 4,
  "terraform_version": "1.10.4",
  "serial": 24,
  "lineage": "bb2f95e3-ffae-0747-2c80-8fe617d78a7a",
  "outputs": {},
  "resources": [
    {
      "mode": "managed",
      "type": "kubernetes_deployment",
      "name": "app",
      "provider": "provider[\"registry.terraform.io/hashicorp/kubernetes\"]",
      "instances": [
        {
          "index_key": "beta",
          "schema_version": 1,
          "attributes": {
            "id": "beta/nginx-beta",
            "metadata": [
              {
                "annotations": null,
                "generate_name": "",
                "generation": 1,
                "labels": {
                  "app": "nginx"
                },
                "name": "nginx-beta",
                "namespace": "beta",
                "resource_version": "21969",
                "uid": "499f59f2-03ec-4890-9316-ae11a3a99544"
              }
            ],
            "spec": [
              {
                "min_ready_seconds": 0,
                "paused": false,
                "progress_deadline_seconds": 600,
                "replicas": "3",
                "revision_history_limit": 10,
                "selector": [
                  {
                    "match_expressions": [],
                    "match_labels": {
                      "app": "nginx"
                    }
                  }
                ],
                "strategy": [
                  {
                    "rolling_update": [
                      {
                        "max_surge": "25%",
                        "max_unavailable": "25%"
                      }
                    ],
                    "type": "RollingUpdate"
                  }
                ],
                "template": [
                  {
                    "metadata": [
                      {
                        "annotations": null,
                        "generate_name": "",
                        "generation": 0,
                        "labels": {
                          "app": "nginx"
                        },
                        "name": "",
                        "namespace": "",
                        "resource_version": "",
                        "uid": ""
                      }
                    ],
                    "spec": [
                      {
                        "active_deadline_seconds": 0,
                        "affinity": [],
                        "automount_service_account_token": true,
                        "container": [
                          {
                            "args": null,
                            "command": null,
                            "env": [],
                            "env_from": [],
                            "image": "nginx:alpine",
                            "image_pull_policy": "IfNotPresent",
                            "lifecycle": [],
                            "liveness_probe": [],
                            "name": "nginx",
                            "port": [
                              {
                                "container_port": 80,
                                "host_ip": "",
                                "host_port": 0,
                                "name": "",
                                "protocol": "TCP"
                              }
                            ],
                            "readiness_probe": [],
                            "resources": [
                              {
                                "limits": {},
                                "requests": {}
                              }
                            ],
                            "security_context": [],
                            "startup_probe": [],
                            "stdin": false,
                            "stdin_once": false,
                            "termination_message_path": "/dev/termination-log",
                            "termination_message_policy": "File",
                            "tty": false,
                            "volume_device": [],
                            "volume_mount": [],
                            "working_dir": ""
                          }
                        ],
                        "dns_config": [],
                        "dns_policy": "ClusterFirst",
                        "enable_service_links": true,
                        "host_aliases": [],
                        "host_ipc": false,
                        "host_network": false,
                        "host_pid": false,
                        "hostname": "",
                        "image_pull_secrets": [],
                        "init_container": [],
                        "node_name": "",
                        "node_selector": null,
                        "os": [],
                        "priority_class_name": "",
                        "readiness_gate": [],
                        "restart_policy": "Always",
                        "runtime_class_name": "",
                        "scheduler_name": "default-scheduler",
                        "security_context": [],
                        "service_account_name": "",
                        "share_process_namespace": false,
                        "subdomain": "",
                        "termination_grace_period_seconds": 30,
                        "toleration": [],
                        "topology_spread_constraint": [],
                        "volume": []
                      }
                    ]
                  }
                ]
              }
            ],
            "timeouts": null,
            "wait_for_rollout": true
          },
          "sensitive_attributes": [],
          "private": "eyJlMmJmYjczMC1lY2FhLTExZTYtOGY4OC0zNDM2M2JjN2M0YzAiOnsiY3JlYXRlIjo2MDAwMDAwMDAwMDAsImRlbGV0ZSI6NjAwMDAwMDAwMDAwLCJ1cGRhdGUiOjYwMDAwMDAwMDAwMH0sInNjaGVtYV92ZXJzaW9uIjoiMSJ9",
          "dependencies": [
            "minikube_cluster.my-cluster"
          ]
        },
        {
          "index_key": "dev",
          "schema_version": 1,
          "attributes": {
            "id": "dev/nginx-dev",
            "metadata": [
              {
                "annotations": null,
                "generate_name": "",
                "generation": 1,
                "labels": {
                  "app": "nginx"
                },
                "name": "nginx-dev",
                "namespace": "dev",
                "resource_version": "21982",
                "uid": "c8d777f2-ffc4-4bee-b0d4-0393c9ccdc18"
              }
            ],
            "spec": [
              {
                "min_ready_seconds": 0,
                "paused": false,
                "progress_deadline_seconds": 600,
                "replicas": "3",
                "revision_history_limit": 10,
                "selector": [
                  {
                    "match_expressions": [],
                    "match_labels": {
                      "app": "nginx"
                    }
                  }
                ],
                "strategy": [
                  {
                    "rolling_update": [
                      {
                        "max_surge": "25%",
                        "max_unavailable": "25%"
                      }
                    ],
                    "type": "RollingUpdate"
                  }
                ],
                "template": [
                  {
                    "metadata": [
                      {
                        "annotations": null,
                        "generate_name": "",
                        "generation": 0,
                        "labels": {
                          "app": "nginx"
                        },
                        "name": "",
                        "namespace": "",
                        "resource_version": "",
                        "uid": ""
                      }
                    ],
                    "spec": [
                      {
                        "active_deadline_seconds": 0,
                        "affinity": [],
                        "automount_service_account_token": true,
                        "container": [
                          {
                            "args": null,
                            "command": null,
                            "env": [],
                            "env_from": [],
                            "image": "nginx:alpine",
                            "image_pull_policy": "IfNotPresent",
                            "lifecycle": [],
                            "liveness_probe": [],
                            "name": "nginx",
                            "port": [
                              {
                                "container_port": 80,
                                "host_ip": "",
                                "host_port": 0,
                                "name": "",
                                "protocol": "TCP"
                              }
                            ],
                            "readiness_probe": [],
                            "resources": [
                              {
                                "limits": {},
                                "requests": {}
                              }
                            ],
                            "security_context": [],
                            "startup_probe": [],
                            "stdin": false,
                            "stdin_once": false,
                            "termination_message_path": "/dev/termination-log",
                            "termination_message_policy": "File",
                            "tty": false,
                            "volume_device": [],
                            "volume_mount": [],
                            "working_dir": ""
                          }
                        ],
                        "dns_config": [],
                        "dns_policy": "ClusterFirst",
                        "enable_service_links": true,
                        "host_aliases": [],
                        "host_ipc": false,
                        "host_network": false,
                        "host_pid": false,
                        "hostname": "",
                        "image_pull_secrets": [],
                        "init_container": [],
                        "node_name": "",
                        "node_selector": null,
                        "os": [],
                        "priority_class_name": "",
                        "readiness_gate": [],
                        "restart_policy": "Always",
                        "runtime_class_name": "",
                        "scheduler_name": "default-scheduler",
                        "security_context": [],
                        "service_account_name": "",
                        "share_process_namespace": false,
                        "subdomain": "",
                        "termination_grace_period_seconds": 30,
                        "toleration": [],
                        "topology_spread_constraint": [],
                        "volume": []
                      }
                    ]
                  }
                ]
              }
            ],
            "timeouts": null,
            "wait_for_rollout": true
          },
          "sensitive_attributes": [],
          "private": "eyJlMmJmYjczMC1lY2FhLTExZTYtOGY4OC0zNDM2M2JjN2M0YzAiOnsiY3JlYXRlIjo2MDAwMDAwMDAwMDAsImRlbGV0ZSI6NjAwMDAwMDAwMDAwLCJ1cGRhdGUiOjYwMDAwMDAwMDAwMH0sInNjaGVtYV92ZXJzaW9uIjoiMSJ9",
          "dependencies": [
            "minikube_cluster.my-cluster"
          ]
        },
        {
          "index_key": "prod",
          "schema_version": 1,
          "attributes": {
            "id": "prod/nginx-prod",
            "metadata": [
              {
                "annotations": null,
                "generate_name": "",
                "generation": 1,
                "labels": {
                  "app": "nginx"
                },
                "name": "nginx-prod",
                "namespace": "prod",
                "resource_version": "21963",
                "uid": "1902111d-3c1c-4d65-8154-198d94b74e80"
              }
            ],
            "spec": [
              {
                "min_ready_seconds": 0,
                "paused": false,
                "progress_deadline_seconds": 600,
                "replicas": "3",
                "revision_history_limit": 10,
                "selector": [
                  {
                    "match_expressions": [],
                    "match_labels": {
                      "app": "nginx"
                    }
                  }
                ],
                "strategy": [
                  {
                    "rolling_update": [
                      {
                        "max_surge": "25%",
                        "max_unavailable": "25%"
                      }
                    ],
                    "type": "RollingUpdate"
                  }
                ],
                "template": [
                  {
                    "metadata": [
                      {
                        "annotations": null,
                        "generate_name": "",
                        "generation": 0,
                        "labels": {
                          "app": "nginx"
                        },
                        "name": "",
                        "namespace": "",
                        "resource_version": "",
                        "uid": ""
                      }
                    ],
                    "spec": [
                      {
                        "active_deadline_seconds": 0,
                        "affinity": [],
                        "automount_service_account_token": true,
                        "container": [
                          {
                            "args": null,
                            "command": null,
                            "env": [],
                            "env_from": [],
                            "image": "nginx:alpine",
                            "image_pull_policy": "IfNotPresent",
                            "lifecycle": [],
                            "liveness_probe": [],
                            "name": "nginx",
                            "port": [
                              {
                                "container_port": 80,
                                "host_ip": "",
                                "host_port": 0,
                                "name": "",
                                "protocol": "TCP"
                              }
                            ],
                            "readiness_probe": [],
                            "resources": [
                              {
                                "limits": {},
                                "requests": {}
                              }
                            ],
                            "security_context": [],
                            "startup_probe": [],
                            "stdin": false,
                            "stdin_once": false,
                            "termination_message_path": "/dev/termination-log",
                            "termination_message_policy": "File",
                            "tty": false,
                            "volume_device": [],
                            "volume_mount": [],
                            "working_dir": ""
                          }
                        ],
                        "dns_config": [],
                        "dns_policy": "ClusterFirst",
                        "enable_service_links": true,
                        "host_aliases": [],
                        "host_ipc": false,
                        "host_network": false,
                        "host_pid": false,
                        "hostname": "",
                        "image_pull_secrets": [],
                        "init_container": [],
                        "node_name": "",
                        "node_selector": null,
                        "os": [],
                        "priority_class_name": "",
                        "readiness_gate": [],
                        "restart_policy": "Always",
                        "runtime_class_name": "",
                        "scheduler_name": "default-scheduler",
                        "security_context": [],
                        "service_account_name": "",
                        "share_process_namespace": false,
                        "subdomain": "",
                        "termination_grace_period_seconds": 30,
                        "toleration": [],
                        "topology_spread_constraint": [],
                        "volume": []
                      }
                    ]
                  }
                ]
              }
            ],
            "timeouts": null,
            "wait_for_rollout": true
          },
          "sensitive_attributes": [],
          "private": "eyJlMmJmYjczMC1lY2FhLTExZTYtOGY4OC0zNDM2M2JjN2M0YzAiOnsiY3JlYXRlIjo2MDAwMDAwMDAwMDAsImRlbGV0ZSI6NjAwMDAwMDAwMDAwLCJ1cGRhdGUiOjYwMDAwMDAwMDAwMH0sInNjaGVtYV92ZXJzaW9uIjoiMSJ9",
          "dependencies": [
            "minikube_cluster.my-cluster"
          ]
        }
      ]
    },
    {
      "mode": "managed",
      "type": "kubernetes_namespace",
      "name": "namespace",
      "provider": "provider[\"registry.terraform.io/hashicorp/kubernetes\"]",
      "instances": [
        {
          "index_key": "beta",
          "schema_version": 0,
          "attributes": {
            "id": "beta",
            "metadata": [
              {
                "annotations": null,
                "generate_name": "",
                "generation": 0,
                "labels": null,
                "name": "beta",
                "resource_version": "21850",
                "uid": "c4376b6f-cf2c-411e-9e4b-bd1e9df24bc2"
              }
            ],
            "timeouts": null,
            "wait_for_default_service_account": false
          },
          "sensitive_attributes": [],
          "private": "eyJlMmJmYjczMC1lY2FhLTExZTYtOGY4OC0zNDM2M2JjN2M0YzAiOnsiZGVsZXRlIjozMDAwMDAwMDAwMDB9fQ==",
          "dependencies": [
            "minikube_cluster.my-cluster"
          ]
        },
        {
          "index_key": "dev",
          "schema_version": 0,
          "attributes": {
            "id": "dev",
            "metadata": [
              {
                "annotations": null,
                "generate_name": "",
                "generation": 0,
                "labels": null,
                "name": "dev",
                "resource_version": "21849",
                "uid": "097a4e79-e445-4cb8-b1ba-32a400d2cb8b"
              }
            ],
            "timeouts": null,
            "wait_for_default_service_account": false
          },
          "sensitive_attributes": [],
          "private": "eyJlMmJmYjczMC1lY2FhLTExZTYtOGY4OC0zNDM2M2JjN2M0YzAiOnsiZGVsZXRlIjozMDAwMDAwMDAwMDB9fQ==",
          "dependencies": [
            "minikube_cluster.my-cluster"
          ]
        },
        {
          "index_key": "prod",
          "schema_version": 0,
          "attributes": {
            "id": "prod",
            "metadata": [
              {
                "annotations": null,
                "generate_name": "",
                "generation": 0,
                "labels": null,
                "name": "prod",
                "resource_version": "21848",
                "uid": "50148e71-e6a7-447f-a2d6-4dfb44c0c536"
              }
            ],
            "timeouts": null,
            "wait_for_default_service_account": false
          },
          "sensitive_attributes": [],
          "private": "eyJlMmJmYjczMC1lY2FhLTExZTYtOGY4OC0zNDM2M2JjN2M0YzAiOnsiZGVsZXRlIjozMDAwMDAwMDAwMDB9fQ==",
          "dependencies": [
            "minikube_cluster.my-cluster"
          ]
        }
      ]
    },
    {
      "mode": "managed",
      "type": "minikube_cluster",
      "name": "my-cluster",
      "provider": "provider[\"registry.terraform.io/scott-the-programmer/minikube\"]",
      "instances": [
        {
          "schema_version": 0,
          "attributes": {
            "addons": [
              "ingress"
            ],
            "apiserver_ips": [],
            "apiserver_name": "minikubeCA",
            "apiserver_names": [],
            "apiserver_port": 8443,
            "auto_pause_interval": 1,
            "auto_update_drivers": true,
            "base_image": "gcr.io/k8s-minikube/kicbase:v0.0.44@sha256:eb04641328b06c5c4a14f4348470e1046bbcf9c2cbc551486e343d3a49db557e",
            "binary_mirror": null,
            "cache_images": true,
            "cert_expiration": 1576800,
            "client_certificate": "-----BEGIN CERTIFICATE-----\nMIIDITCCAgmgAwIBAgIBAjANBgkqhkiG9w0BAQsFADAVMRMwEQYDVQQDEwptaW5p\na3ViZUNBMB4XDTI1MDExOTIxMzYzM1oXDTI4MDEyMDIxMzYzM1owMTEXMBUGA1UE\nChMOc3lzdGVtOm1hc3RlcnMxFjAUBgNVBAMTDW1pbmlrdWJlLXVzZXIwggEiMA0G\nCSqGSIb3DQEBAQUAA4IBDwAwggEKAoIBAQDA/L42YR6Vj0Qvx/7LEIIT8wy5oAKu\nZTmqJl0J1WNH61yXOQcvzAApMCSsgH8ZZU/l2nrlJhlA4o0fGogAdPqNvdRMXo5p\nrMZNTBWE74eklAKhaS4mxZYieYQYU7c7zvQRSSG1CbE8vo5YLEa3xu3IFPJcKw3s\nT/jdFVDewwF430T8z6qot1lHYP65eJaktCufTWFcBDGqXfPcxvK+wqp3zsMVgwyh\ns+qrtgcTqKZaYXtdCKLPR/KRka2LvRvHYb5QQQkfj3xIvA7eycHKQmIOCUay5jb7\nOvHvEPJvlWWQ1gU2OqayDhG2B6qGTAqYMJHRGmV2fgunX3Hcyc06gB3vAgMBAAGj\nYDBeMA4GA1UdDwEB/wQEAwIFoDAdBgNVHSUEFjAUBggrBgEFBQcDAQYIKwYBBQUH\nAwIwDAYDVR0TAQH/BAIwADAfBgNVHSMEGDAWgBS0nV7bwI20w+TWqOOa2teYvsWT\nnjANBgkqhkiG9w0BAQsFAAOCAQEAc86JbdEUk++UEt/1+oVE5a0U60sZbGN9f/0O\nuh0ccCXHDwuUL0vR4eCfalBfYUjj80HUyP8q1tBGp+gtqiSZGKF2Nypo9akt2xWY\nQ/meugvAB8lO/d8s7TdwwArCAOX8gT9z7YPX4zD5yPE8n6IRWAiL7i8BdOS+6RhZ\nPQVx35iOvZUXXgF5i4lGf2NTBSkqkjDnEJAtv2jhCzn/SoGK6627IjE5SuFUGYLT\nZo/gNHv+SR+IULjVtxSElqEsd6ZNWE5IuAj1kzgya6B4srHXEPZ3I3GBKqX58t/M\nPGnPvRqhNfwNiNOtA5JM+6DnRBjrCOexuSooIdu4cNl08SGGbA==\n-----END CERTIFICATE-----\n",
            "client_key": "-----BEGIN RSA PRIVATE KEY-----\nMIIEpAIBAAKCAQEAwPy+NmEelY9EL8f+yxCCE/MMuaACrmU5qiZdCdVjR+tclzkH\nL8wAKTAkrIB/GWVP5dp65SYZQOKNHxqIAHT6jb3UTF6OaazGTUwVhO+HpJQCoWku\nJsWWInmEGFO3O870EUkhtQmxPL6OWCxGt8btyBTyXCsN7E/43RVQ3sMBeN9E/M+q\nqLdZR2D+uXiWpLQrn01hXAQxql3z3MbyvsKqd87DFYMMobPqq7YHE6imWmF7XQii\nz0fykZGti70bx2G+UEEJH498SLwO3snBykJiDglGsuY2+zrx7xDyb5VlkNYFNjqm\nsg4RtgeqhkwKmDCR0Rpldn4Lp19x3MnNOoAd7wIDAQABAoIBAQCOGAn9hBi+yhPM\nkpb58Re1lJlj+3q96W5B56lNWj6Vb6hm9+hguvXLXdVC5gGvMzdW6Dzgh+LEMYry\nwdgtbfQldQXhjSWSjVIdC840aSEYfppJOmZuycC3dX1bZBhgAwsVxyD4aUCEl1G7\nfi47lk7xqOqiDllcC64TKmS3ACIPWhr8zX9tG1T6iZpKYuDHa38U+T2+cDdoc/gH\ntNWHmMyZgHrMrKe6XEJLgj3dHulcUbEGE8p71Ul1blMq8Tgi5rrHwMwjvOjRur4z\neWrP9VSyXux4pCgePYrQJkLeTk7AOekgnw6hJRo9gJhbHVRhU38xVXjbajUbaOGM\nL4VbJrlBAoGBAP3hBMY+4m0XkyHw6kFVRmwBI7k+q0tuBHX2X/mqp59oTIptHCG1\ngy/IIbU2Ha1cNQqSqAnGwytJjCAIAob76kLih+TDswagcf93LGg99S9WbeoboCS/\nfHlyhtjLEwv2guWgqLu2AsI1cIBc9hv7H8kUKNs4pMyDYi3YoRpNn4Y/AoGBAMKZ\nfiffM4aJ5R3F3YYjZ3mbbGoOL17fsPOli9EVz+twi/iFj1orJIOLtfgVI0tw0I6W\nCrwHXQOTvVAt1aoGmuxHjzW2/UZlDYGdfzQrpkqKFvr5+CzlP7Y4Wb4c/vm+m/Jh\ncIUcpCBjbag3SkjPYZzAx+9lx+1xDbevvGvHOFxRAoGAP+IeXHA4c7EJ8fF4UMZP\neR/0SEnPuqRNdQ1w6xcZJNCO6go4mPbesuhOKxYZ86SPKEDtDcC5HaxdGTZKxIKh\nWQE9pr/jzZgT92+aegSVLLs33z/iVTzl6n16FxVKjqkSGQwLSWisWwgtbe92cmYH\ngoaTHU6skVXCH70yFLdRm+sCgYEAmZu37ZlOfuDSrpHFr2C7CU8aYQ0Zb3Z7o5gF\nqeHh4iNRGbez1KVBiWT7Gvz0g1RmDGd7ybi2P2Cbi3LiuffEysYh0XDEtJCH/Mxp\n4LCj7yrZwPsYX7gGdrw8eslAq7s+NjGcNDbLh5V0tdgPFzI8BxRVvi9FhbQ788cQ\noLL9VkECgYB2BlOENOaD2LprAc1o0gbBGufiipiPY1NSyf3N34gt67zwqfdqG/pF\niki45OSHTFFUk62yCd13v+mKCvUIdZWvYIymMOvjMzNthnVOGvou5Emk7U0phC8i\nwZEmx5IyjNtAyRvvawoXw0nq6pNfwABkaRiIAK9C99PVAZ1mWlpBrQ==\n-----END RSA PRIVATE KEY-----\n",
            "cluster_ca_certificate": "-----BEGIN CERTIFICATE-----\nMIIDBjCCAe6gAwIBAgIBATANBgkqhkiG9w0BAQsFADAVMRMwEQYDVQQDEwptaW5p\na3ViZUNBMB4XDTI1MDEwNzIxMjUzNloXDTM1MDEwNjIxMjUzNlowFTETMBEGA1UE\nAxMKbWluaWt1YmVDQTCCASIwDQYJKoZIhvcNAQEBBQADggEPADCCAQoCggEBAKDD\nFR9jLP/3R/7Id9rBPWciguspkbm3kuLTCR5gZStAI+LQ3TzWC40Tvkdls2lbm4Xu\n9Z+OdqvRBBY3zDnMWxrWHmu5xsqiUAuCLhW7SVfWeXTAB3y2Av8bQxbC0csfkvn9\nHtTAl+5QV2bQI8hEhQGSN/7xpB9f5fOwt8nUGlDirho1gw9b5qnvhewyl/8v9kBH\n5ZtxCTxBedGfg9qLRDsZVYwnNbxom1I7w5vXEMkXHVzsQjNrFAFW7Ic0nSIgfNxN\ninJeQii16aUnzQ0WfgNbwHqcWoxkcb0YLnL6SR8q0MnmUs+Dp7Y1zgqhTMyhblpl\nHMT9nn7SG3VIrq8TAgsCAwEAAaNhMF8wDgYDVR0PAQH/BAQDAgKkMB0GA1UdJQQW\nMBQGCCsGAQUFBwMCBggrBgEFBQcDATAPBgNVHRMBAf8EBTADAQH/MB0GA1UdDgQW\nBBS0nV7bwI20w+TWqOOa2teYvsWTnjANBgkqhkiG9w0BAQsFAAOCAQEAZkitJGkL\nbPyaM66xuC8WpCYGF9C5kzHOfeDrA3ORLf+4KfTtgaixdE6zU9i5eLWOQJnhIAsv\nXPXlXiIaMeJSq6qkfOPRJ4oUVzKlcgvg97ZUs9yIVceUdLANRZpONd+1mL1wWugj\naYX6cSzt/o29KmaacR4YyJA35rZyvBFSn4DJ2ea3+fuItIi51TjUYAdIxIrvDMzB\nWinATUaRdK+D4NUJMTKkSRuv8qItkLtIDCLlgWZWAmdtfxaTjvJZRd6tJx+oFGQY\n+cEjzP+dJnxXR3MxpiFtlgLVTFD/DvDCbYXZTF/DAxYutuI8fkxs/SBAPylhpF7T\nnId7BnmC/8cyZg==\n-----END CERTIFICATE-----\n",
            "cluster_name": "etic-cluster",
            "cni": "",
            "container_runtime": "docker",
            "cpus": 2,
            "cri_socket": "",
            "delete_on_failure": false,
            "disable_driver_mounts": false,
            "disable_metrics": false,
            "disable_optimizations": false,
            "disk_size": "20000mb",
            "dns_domain": "cluster.local",
            "dns_proxy": false,
            "docker_env": null,
            "docker_opt": null,
            "download_only": false,
            "driver": "docker",
            "dry_run": false,
            "embed_certs": false,
            "enable_default_cni": false,
            "extra_config": [],
            "extra_disks": 0,
            "feature_gates": "",
            "force": false,
            "force_systemd": false,
            "gpus": null,
            "ha": false,
            "host": "https://192.168.49.2:8443",
            "host_dns_resolver": true,
            "host_only_cidr": "192.168.59.1/24",
            "host_only_nic_type": "virtio",
            "hyperkit_vpnkit_sock": "",
            "hyperkit_vsock_ports": [],
            "hyperv_external_adapter": "",
            "hyperv_use_external_switch": false,
            "hyperv_virtual_switch": "",
            "id": "etic-cluster",
            "image_mirror_country": null,
            "image_repository": "",
            "insecure_registry": [],
            "install_addons": true,
            "interactive": true,
            "iso_url": [
              "https://github.com/kubernetes/minikube/releases/download/v1.33.0/minikube-v1.33.0-arm64.iso"
            ],
            "keep_context": false,
            "kubernetes_version": null,
            "kvm_gpu": false,
            "kvm_hidden": false,
            "kvm_network": "default",
            "kvm_numa_count": 1,
            "kvm_qemu_uri": "qemu:///system",
            "listen_address": "",
            "memory": "4096mb",
            "mount": false,
            "mount_9p_version": "9p2000.L",
            "mount_gid": "docker",
            "mount_ip": null,
            "mount_msize": 262144,
            "mount_options": null,
            "mount_port": 0,
            "mount_string": "/home:/minikube-host",
            "mount_type": "9p",
            "mount_uid": "docker",
            "namespace": "default",
            "nat_nic_type": "virtio",
            "native_ssh": true,
            "network": "",
            "network_plugin": null,
            "nfs_share": [],
            "nfs_shares_root": "/nfsshares",
            "no_kubernetes": false,
            "no_vtx_check": false,
            "nodes": 2,
            "output": "text",
            "ports": [],
            "preload": true,
            "qemu_firmware_path": null,
            "registry_mirror": [],
            "service_cluster_ip_range": "10.96.0.0/12",
            "socket_vmnet_client_path": "/opt/homebrew/opt/socket_vmnet/bin/socket_vmnet_client",
            "socket_vmnet_path": "/opt/homebrew/var/run/socket_vmnet",
            "ssh_ip_address": "",
            "ssh_key": "",
            "ssh_port": 22,
            "ssh_user": "root",
            "static_ip": null,
            "subnet": null,
            "trace": null,
            "uuid": "",
            "vm": false,
            "vm_driver": null,
            "wait": null,
            "wait_timeout": 6
          },
          "sensitive_attributes": [
            [
              {
                "type": "get_attr",
                "value": "client_certificate"
              }
            ],
            [
              {
                "type": "get_attr",
                "value": "client_key"
              }
            ],
            [
              {
                "type": "get_attr",
                "value": "cluster_ca_certificate"
              }
            ]
          ],
          "private": "bnVsbA=="
        }
      ]
    }
  ],
  "check_results": null
}
